
Microsoft Visual Studio Solution File, Format Version 12.00
# Visual Studio Version 17
VisualStudioVersion = 17.11.35327.3
MinimumVisualStudioVersion = 10.0.40219.1
Project("{8BC9CEB8-8B4A-11D0-8D11-00A0C91BC942}") = "HobbitMultiplayer", "Hobbit Multiplayer\Hobbit Multiplayer.vcxproj", "{3E42E990-7D79-4634-9F96-45E9B6460193}"
EndProject
Project("{8BC9CEB8-8B4A-11D0-8D11-00A0C91BC942}") = "ServerClient", "ServerClient\ServerClient.vcxproj", "{2B65B66B-A9E5-40B8-9774-5DAF73B3AF6E}"
EndProject
Project("{8BC9CEB8-8B4A-11D0-8D11-00A0C91BC942}") = "HobbitGameManager", "HobbitGameManager\HobbitGameManager.vcxproj", "{B65392C7-3BDC-4606-8FF1-E2160FE8867D}"
EndProject
Project("{8BC9CEB8-8B4A-11D0-8D11-00A0C91BC942}") = "LogSystem", "LogSystem\LogSystem.vcxproj", "{4C528233-ACA8-414F-8896-23C5CA950DA0}"
EndProject
Project("{8BC9CEB8-8B4A-11D0-8D11-00A0C91BC942}") = "HobbitMultiplayerWindowed", "HobbitMultiplayerWindowed\HobbitMultiplayerWindowed.vcxproj", "{CAB3B9ED-4AB1-41C8-AD51-045C16793469}"
EndProject
Project("{8BC9CEB8-8B4A-11D0-8D11-00A0C91BC942}") = "NetworkUtilities", "NetworkUtilities\NetworkUtilities.vcxproj", "{B19CE8E1-132B-425F-BB36-5CC24DF3C71D}"
EndProject
Project("{8BC9CEB8-8B4A-11D0-8D11-00A0C91BC942}") = "ServerAsio", "ServerAsio\ServerAsio.vcxproj", "{AAE38A71-6ED1-4BCA-A64E-A3464C12A261}"
EndProject
Project("{8BC9CEB8-8B4A-11D0-8D11-00A0C91BC942}") = "ClientAsio", "ClientAsio\ClientAsio.vcxproj", "{E03E9880-0641-444E-A711-73EF771A6B19}"
EndProject
Project("{8BC9CEB8-8B4A-11D0-8D11-00A0C91BC942}") = "ServerClientAsio", "ServerClientAsio\ServerClientAsio.vcxproj", "{22E40165-312A-4C32-B14C-F8440E3EFA61}"
EndProject
Global
	GlobalSection(SolutionConfigurationPlatforms) = preSolution
		Debug|x64 = Debug|x64
		Debug|x86 = Debug|x86
		Release|x64 = Release|x64
		Release|x86 = Release|x86
	EndGlobalSection
	GlobalSection(ProjectConfigurationPlatforms) = postSolution
		{3E42E990-7D79-4634-9F96-45E9B6460193}.Debug|x64.ActiveCfg = Debug|x64
		{3E42E990-7D79-4634-9F96-45E9B6460193}.Debug|x64.Build.0 = Debug|x64
		{3E42E990-7D79-4634-9F96-45E9B6460193}.Debug|x86.ActiveCfg = Debug|Win32
		{3E42E990-7D79-4634-9F96-45E9B6460193}.Debug|x86.Build.0 = Debug|Win32
		{3E42E990-7D79-4634-9F96-45E9B6460193}.Release|x64.ActiveCfg = Release|x64
		{3E42E990-7D79-4634-9F96-45E9B6460193}.Release|x64.Build.0 = Release|x64
		{3E42E990-7D79-4634-9F96-45E9B6460193}.Release|x86.ActiveCfg = Release|Win32
		{3E42E990-7D79-4634-9F96-45E9B6460193}.Release|x86.Build.0 = Release|Win32
		{2B65B66B-A9E5-40B8-9774-5DAF73B3AF6E}.Debug|x64.ActiveCfg = Debug|x64
		{2B65B66B-A9E5-40B8-9774-5DAF73B3AF6E}.Debug|x64.Build.0 = Debug|x64
		{2B65B66B-A9E5-40B8-9774-5DAF73B3AF6E}.Debug|x86.ActiveCfg = Debug|Win32
		{2B65B66B-A9E5-40B8-9774-5DAF73B3AF6E}.Debug|x86.Build.0 = Debug|Win32
		{2B65B66B-A9E5-40B8-9774-5DAF73B3AF6E}.Release|x64.ActiveCfg = Release|x64
		{2B65B66B-A9E5-40B8-9774-5DAF73B3AF6E}.Release|x64.Build.0 = Release|x64
		{2B65B66B-A9E5-40B8-9774-5DAF73B3AF6E}.Release|x86.ActiveCfg = Release|Win32
		{2B65B66B-A9E5-40B8-9774-5DAF73B3AF6E}.Release|x86.Build.0 = Release|Win32
		{B65392C7-3BDC-4606-8FF1-E2160FE8867D}.Debug|x64.ActiveCfg = Debug|x64
		{B65392C7-3BDC-4606-8FF1-E2160FE8867D}.Debug|x64.Build.0 = Debug|x64
		{B65392C7-3BDC-4606-8FF1-E2160FE8867D}.Debug|x86.ActiveCfg = Debug|Win32
		{B65392C7-3BDC-4606-8FF1-E2160FE8867D}.Debug|x86.Build.0 = Debug|Win32
		{B65392C7-3BDC-4606-8FF1-E2160FE8867D}.Release|x64.ActiveCfg = Release|x64
		{B65392C7-3BDC-4606-8FF1-E2160FE8867D}.Release|x64.Build.0 = Release|x64
		{B65392C7-3BDC-4606-8FF1-E2160FE8867D}.Release|x86.ActiveCfg = Release|Win32
		{B65392C7-3BDC-4606-8FF1-E2160FE8867D}.Release|x86.Build.0 = Release|Win32
		{4C528233-ACA8-414F-8896-23C5CA950DA0}.Debug|x64.ActiveCfg = Debug|x64
		{4C528233-ACA8-414F-8896-23C5CA950DA0}.Debug|x64.Build.0 = Debug|x64
		{4C528233-ACA8-414F-8896-23C5CA950DA0}.Debug|x86.ActiveCfg = Debug|Win32
		{4C528233-ACA8-414F-8896-23C5CA950DA0}.Debug|x86.Build.0 = Debug|Win32
		{4C528233-ACA8-414F-8896-23C5CA950DA0}.Release|x64.ActiveCfg = Release|x64
		{4C528233-ACA8-414F-8896-23C5CA950DA0}.Release|x64.Build.0 = Release|x64
		{4C528233-ACA8-414F-8896-23C5CA950DA0}.Release|x86.ActiveCfg = Release|Win32
		{4C528233-ACA8-414F-8896-23C5CA950DA0}.Release|x86.Build.0 = Release|Win32
		{CAB3B9ED-4AB1-41C8-AD51-045C16793469}.Debug|x64.ActiveCfg = Debug|x64
		{CAB3B9ED-4AB1-41C8-AD51-045C16793469}.Debug|x64.Build.0 = Debug|x64
		{CAB3B9ED-4AB1-41C8-AD51-045C16793469}.Debug|x86.ActiveCfg = Debug|Win32
		{CAB3B9ED-4AB1-41C8-AD51-045C16793469}.Debug|x86.Build.0 = Debug|Win32
		{CAB3B9ED-4AB1-41C8-AD51-045C16793469}.Release|x64.ActiveCfg = Release|x64
		{CAB3B9ED-4AB1-41C8-AD51-045C16793469}.Release|x64.Build.0 = Release|x64
		{CAB3B9ED-4AB1-41C8-AD51-045C16793469}.Release|x86.ActiveCfg = Release|Win32
		{CAB3B9ED-4AB1-41C8-AD51-045C16793469}.Release|x86.Build.0 = Release|Win32
		{B19CE8E1-132B-425F-BB36-5CC24DF3C71D}.Debug|x64.ActiveCfg = Debug|x64
		{B19CE8E1-132B-425F-BB36-5CC24DF3C71D}.Debug|x64.Build.0 = Debug|x64
		{B19CE8E1-132B-425F-BB36-5CC24DF3C71D}.Debug|x86.ActiveCfg = Debug|Win32
		{B19CE8E1-132B-425F-BB36-5CC24DF3C71D}.Debug|x86.Build.0 = Debug|Win32
		{B19CE8E1-132B-425F-BB36-5CC24DF3C71D}.Release|x64.ActiveCfg = Release|x64
		{B19CE8E1-132B-425F-BB36-5CC24DF3C71D}.Release|x64.Build.0 = Release|x64
		{B19CE8E1-132B-425F-BB36-5CC24DF3C71D}.Release|x86.ActiveCfg = Release|Win32
		{B19CE8E1-132B-425F-BB36-5CC24DF3C71D}.Release|x86.Build.0 = Release|Win32
		{AAE38A71-6ED1-4BCA-A64E-A3464C12A261}.Debug|x64.ActiveCfg = Debug|x64
		{AAE38A71-6ED1-4BCA-A64E-A3464C12A261}.Debug|x64.Build.0 = Debug|x64
		{AAE38A71-6ED1-4BCA-A64E-A3464C12A261}.Debug|x86.ActiveCfg = Debug|Win32
		{AAE38A71-6ED1-4BCA-A64E-A3464C12A261}.Debug|x86.Build.0 = Debug|Win32
		{AAE38A71-6ED1-4BCA-A64E-A3464C12A261}.Release|x64.ActiveCfg = Release|x64
		{AAE38A71-6ED1-4BCA-A64E-A3464C12A261}.Release|x64.Build.0 = Release|x64
		{AAE38A71-6ED1-4BCA-A64E-A3464C12A261}.Release|x86.ActiveCfg = Release|Win32
		{AAE38A71-6ED1-4BCA-A64E-A3464C12A261}.Release|x86.Build.0 = Release|Win32
		{E03E9880-0641-444E-A711-73EF771A6B19}.Debug|x64.ActiveCfg = Debug|x64
		{E03E9880-0641-444E-A711-73EF771A6B19}.Debug|x64.Build.0 = Debug|x64
		{E03E9880-0641-444E-A711-73EF771A6B19}.Debug|x86.ActiveCfg = Debug|Win32
		{E03E9880-0641-444E-A711-73EF771A6B19}.Debug|x86.Build.0 = Debug|Win32
		{E03E9880-0641-444E-A711-73EF771A6B19}.Release|x64.ActiveCfg = Release|x64
		{E03E9880-0641-444E-A711-73EF771A6B19}.Release|x64.Build.0 = Release|x64
		{E03E9880-0641-444E-A711-73EF771A6B19}.Release|x86.ActiveCfg = Release|Win32
		{E03E9880-0641-444E-A711-73EF771A6B19}.Release|x86.Build.0 = Release|Win32
		{22E40165-312A-4C32-B14C-F8440E3EFA61}.Debug|x64.ActiveCfg = Debug|x64
		{22E40165-312A-4C32-B14C-F8440E3EFA61}.Debug|x64.Build.0 = Debug|x64
		{22E40165-312A-4C32-B14C-F8440E3EFA61}.Debug|x86.ActiveCfg = Debug|Win32
		{22E40165-312A-4C32-B14C-F8440E3EFA61}.Debug|x86.Build.0 = Debug|Win32
		{22E40165-312A-4C32-B14C-F8440E3EFA61}.Release|x64.ActiveCfg = Release|x64
		{22E40165-312A-4C32-B14C-F8440E3EFA61}.Release|x64.Build.0 = Release|x64
		{22E40165-312A-4C32-B14C-F8440E3EFA61}.Release|x86.ActiveCfg = Release|Win32
		{22E40165-312A-4C32-B14C-F8440E3EFA61}.Release|x86.Build.0 = Release|Win32
	EndGlobalSection
	GlobalSection(SolutionProperties) = preSolution
		HideSolutionNode = FALSE
	EndGlobalSection
	GlobalSection(ExtensibilityGlobals) = postSolution
		SolutionGuid = {7CEC08BC-3950-434F-8A5F-209CFCCD6D0F}
	EndGlobalSection
EndGlobal
